{
  "name": "vue-free-transform",
  "version": "1.0.3",
  "lockfileVersion": 1,
  "requires": true,
  "dependencies": {
    "free-transform": {
      "version": "0.1.1",
      "resolved": "https://registry.npmjs.org/free-transform/-/free-transform-0.1.1.tgz",
      "integrity": "sha512-pRUenmG1gTNNZTLeDDqEcmnlDlrPsonTk1UlgmqWLzdTL8Qna70yoqEkverQMhYUj5dozwWl5whDIzY4SRnyeA==",
      "requires": {
        "transformation-matrix": "1.14.0"
      }
    },
    "transformation-matrix": {
      "version": "1.14.0",
      "resolved": "https://registry.npmjs.org/transformation-matrix/-/transformation-matrix-1.14.0.tgz",
      "integrity": "sha512-rMx7/IlSO/sUrKYsgHJ/oTM60TAqqrwGmv5RIqNcWn/g19vnDhVZBg1Iuvzrr/HeJoKz/hs6LNbIOZfkdnqNgg=="
    }
  }
}
